{
  "version": 4,
  "terraform_version": "1.1.6",
  "serial": 5,
  "lineage": "d159fcd6-ae98-ad39-996e-084735e70b1a",
  "outputs": {
    "external_ip_address_node01_yandex_cloud": {
      "value": "51.250.67.95",
      "type": "string"
    },
    "internal_ip_address_node01_yandex_cloud": {
      "value": "192.168.101.24",
      "type": "string"
    }
  },
  "resources": [
    {
      "mode": "managed",
      "type": "yandex_compute_instance",
      "name": "node01",
      "provider": "provider[\"registry.terraform.io/yandex-cloud/yandex\"]",
      "instances": [
        {
          "schema_version": 1,
          "attributes": {
            "allow_stopping_for_update": true,
            "boot_disk": [
              {
                "auto_delete": true,
                "device_name": "fhmsqt7ivc8k9ad5qfe1",
                "disk_id": "fhmsqt7ivc8k9ad5qfe1",
                "initialize_params": [
                  {
                    "block_size": 4096,
                    "description": "",
                    "image_id": "fd8aposddlogharlu5lo",
                    "name": "root-node01",
                    "size": 50,
                    "snapshot_id": "",
                    "type": "network-ssd"
                  }
                ],
                "mode": "READ_WRITE"
              }
            ],
            "created_at": "2022-03-24T07:39:33Z",
            "description": "",
            "folder_id": "b1gk1kso3ff84q00vek6",
            "fqdn": "node01.netology.cloud",
            "hostname": "node01",
            "id": "fhmomcor42dr73qvicd3",
            "labels": null,
            "metadata": {
              "ssh-keys": "centos:ssh-rsa AAAAB3NzaC1yc2EAAAADAQABAAABgQDYnXbexGXppC4XiVmLKn2yrcKxIHdYPXuOJn3elW+OGINsuw6/L32RIkgncx95cFZjjvsJkgZH4m5X2Mjv1+cP/K0rNcKGZzhU9anUlGePZCxRnOrqlMxnMtDHt0pknrkYR/abNUYGbHFMrw2ahcVCvinbTR9Akt0Kao9DYTZ2OLYsGmt0mytIlIJXvIDyhj1vIpx6ZMe7yrryKhG/mHyWbMi0/CY8YrfnxwklNkbW2junfPCDWkhftbg1B04N1dXGTNuYzsXwSwIY21JNoHF2JNJVOcGd4aJLTrmlb4gGpc8QuNkyOSKYgRYGHoTE+o4sz9WdkRZ3l3d/Ujs2BDHhumepbjxlIZy8jAHpe9z5PdcEuV2W14vBn0l8XZ5oPuKLk6aZfhx8jN5QuvS+YCPfAPztMrvEW0S67G7jn9a1GepQLfB7VImze9eYoO6CgxXQqnvoOQFzjRtjSYlNms8T0LJTDvskeWpiEch2OyeqTrqeurSEiOr20LzkPUFH2jE= rudnev@it-ubuntu\n"
            },
            "name": "node01",
            "network_acceleration_type": "standard",
            "network_interface": [
              {
                "dns_record": [],
                "index": 0,
                "ip_address": "192.168.101.24",
                "ipv4": true,
                "ipv6": false,
                "ipv6_address": "",
                "ipv6_dns_record": [],
                "mac_address": "d0:0d:18:b3:31:b2",
                "nat": true,
                "nat_dns_record": [],
                "nat_ip_address": "51.250.67.95",
                "nat_ip_version": "IPV4",
                "security_group_ids": [],
                "subnet_id": "e9b82ci4tvl0iio5cmke"
              }
            ],
            "placement_policy": [
              {
                "placement_group_id": ""
              }
            ],
            "platform_id": "standard-v1",
            "resources": [
              {
                "core_fraction": 100,
                "cores": 8,
                "gpus": 0,
                "memory": 8
              }
            ],
            "scheduling_policy": [
              {
                "preemptible": false
              }
            ],
            "secondary_disk": [],
            "service_account_id": "",
            "status": "running",
            "timeouts": null,
            "zone": "ru-central1-a"
          },
          "sensitive_attributes": [],
          "private": "eyJlMmJmYjczMC1lY2FhLTExZTYtOGY4OC0zNDM2M2JjN2M0YzAiOnsiY3JlYXRlIjozMDAwMDAwMDAwMDAsImRlbGV0ZSI6MzAwMDAwMDAwMDAwLCJ1cGRhdGUiOjMwMDAwMDAwMDAwMH0sInNjaGVtYV92ZXJzaW9uIjoiMSJ9",
          "dependencies": [
            "yandex_vpc_network.default",
            "yandex_vpc_subnet.default"
          ]
        }
      ]
    },
    {
      "mode": "managed",
      "type": "yandex_vpc_network",
      "name": "default",
      "provider": "provider[\"registry.terraform.io/yandex-cloud/yandex\"]",
      "instances": [
        {
          "schema_version": 0,
          "attributes": {
            "created_at": "2022-03-24T07:39:31Z",
            "default_security_group_id": "",
            "description": "",
            "folder_id": "b1gk1kso3ff84q00vek6",
            "id": "enpi1q7v0klfnk77iqks",
            "labels": {},
            "name": "net",
            "subnet_ids": [],
            "timeouts": null
          },
          "sensitive_attributes": [],
          "private": "eyJlMmJmYjczMC1lY2FhLTExZTYtOGY4OC0zNDM2M2JjN2M0YzAiOnsiY3JlYXRlIjo2MDAwMDAwMDAwMCwiZGVsZXRlIjo2MDAwMDAwMDAwMCwidXBkYXRlIjo2MDAwMDAwMDAwMH19"
        }
      ]
    },
    {
      "mode": "managed",
      "type": "yandex_vpc_subnet",
      "name": "default",
      "provider": "provider[\"registry.terraform.io/yandex-cloud/yandex\"]",
      "instances": [
        {
          "schema_version": 0,
          "attributes": {
            "created_at": "2022-03-24T07:39:32Z",
            "description": "",
            "dhcp_options": [],
            "folder_id": "b1gk1kso3ff84q00vek6",
            "id": "e9b82ci4tvl0iio5cmke",
            "labels": {},
            "name": "my-subnet-a",
            "network_id": "enpi1q7v0klfnk77iqks",
            "route_table_id": "",
            "timeouts": null,
            "v4_cidr_blocks": [
              "192.168.101.0/24"
            ],
            "v6_cidr_blocks": [],
            "zone": "ru-central1-a"
          },
          "sensitive_attributes": [],
          "private": "eyJlMmJmYjczMC1lY2FhLTExZTYtOGY4OC0zNDM2M2JjN2M0YzAiOnsiY3JlYXRlIjoxODAwMDAwMDAwMDAsImRlbGV0ZSI6MTgwMDAwMDAwMDAwLCJ1cGRhdGUiOjE4MDAwMDAwMDAwMH19",
          "dependencies": [
            "yandex_vpc_network.default"
          ]
        }
      ]
    }
  ]
}
